
Microsoft Visual Studio Solution File, Format Version 12.00
# Visual Studio 15
VisualStudioVersion = 15.0.28307.102
MinimumVisualStudioVersion = 10.0.40219.1
Project("{8BC9CEB8-8B4A-11D0-8D11-00A0C91BC942}") = "Loader", "Loader\Loader.vcxproj", "{689040C5-BF39-45F0-B159-3A56F0CC54A9}"
EndProject
Project("{FAE04EC0-301F-11D3-BF4B-00C04F79EFBC}") = "MP3ScriptHookNet", "MP3ScriptHookNet\MP3ScriptHookNet.csproj", "{2AC19C3A-C1BE-4837-99E2-3F8CFBFB46D1}"
EndProject
Global
	GlobalSection(SolutionConfigurationPlatforms) = preSolution
		Debug|Any CPU = Debug|Any CPU
		Debug|x64 = Debug|x64
		Debug|x86 = Debug|x86
		Release|Any CPU = Release|Any CPU
		Release|x64 = Release|x64
		Release|x86 = Release|x86
	EndGlobalSection
	GlobalSection(ProjectConfigurationPlatforms) = postSolution
		{689040C5-BF39-45F0-B159-3A56F0CC54A9}.Debug|Any CPU.ActiveCfg = Debug|Win32
		{689040C5-BF39-45F0-B159-3A56F0CC54A9}.Debug|x64.ActiveCfg = Debug|x64
		{689040C5-BF39-45F0-B159-3A56F0CC54A9}.Debug|x64.Build.0 = Debug|x64
		{689040C5-BF39-45F0-B159-3A56F0CC54A9}.Debug|x86.ActiveCfg = Debug|Win32
		{689040C5-BF39-45F0-B159-3A56F0CC54A9}.Debug|x86.Build.0 = Debug|Win32
		{689040C5-BF39-45F0-B159-3A56F0CC54A9}.Release|Any CPU.ActiveCfg = Release|Win32
		{689040C5-BF39-45F0-B159-3A56F0CC54A9}.Release|x64.ActiveCfg = Release|x64
		{689040C5-BF39-45F0-B159-3A56F0CC54A9}.Release|x64.Build.0 = Release|x64
		{689040C5-BF39-45F0-B159-3A56F0CC54A9}.Release|x86.ActiveCfg = Release|Win32
		{689040C5-BF39-45F0-B159-3A56F0CC54A9}.Release|x86.Build.0 = Release|Win32
		{2AC19C3A-C1BE-4837-99E2-3F8CFBFB46D1}.Debug|Any CPU.ActiveCfg = Debug|Any CPU
		{2AC19C3A-C1BE-4837-99E2-3F8CFBFB46D1}.Debug|Any CPU.Build.0 = Debug|Any CPU
		{2AC19C3A-C1BE-4837-99E2-3F8CFBFB46D1}.Debug|x64.ActiveCfg = Debug|Any CPU
		{2AC19C3A-C1BE-4837-99E2-3F8CFBFB46D1}.Debug|x64.Build.0 = Debug|Any CPU
		{2AC19C3A-C1BE-4837-99E2-3F8CFBFB46D1}.Debug|x86.ActiveCfg = Debug|Any CPU
		{2AC19C3A-C1BE-4837-99E2-3F8CFBFB46D1}.Debug|x86.Build.0 = Debug|Any CPU
		{2AC19C3A-C1BE-4837-99E2-3F8CFBFB46D1}.Release|Any CPU.ActiveCfg = Release|Any CPU
		{2AC19C3A-C1BE-4837-99E2-3F8CFBFB46D1}.Release|Any CPU.Build.0 = Release|Any CPU
		{2AC19C3A-C1BE-4837-99E2-3F8CFBFB46D1}.Release|x64.ActiveCfg = Release|Any CPU
		{2AC19C3A-C1BE-4837-99E2-3F8CFBFB46D1}.Release|x64.Build.0 = Release|Any CPU
		{2AC19C3A-C1BE-4837-99E2-3F8CFBFB46D1}.Release|x86.ActiveCfg = Release|Any CPU
		{2AC19C3A-C1BE-4837-99E2-3F8CFBFB46D1}.Release|x86.Build.0 = Release|Any CPU
	EndGlobalSection
	GlobalSection(SolutionProperties) = preSolution
		HideSolutionNode = FALSE
	EndGlobalSection
	GlobalSection(ExtensibilityGlobals) = postSolution
		SolutionGuid = {375A2D53-5D2A-4C12-B330-DC91B1050860}
	EndGlobalSection
EndGlobal
